
Microsoft Visual Studio Solution File, Format Version 12.00
Project("{FAE04EC0-301F-11D3-BF4B-00C04F79EFBC}") = "Inventarisation", "Inventarisation\Inventarisation.csproj", "{6086CD79-0F1F-4B26-8A9C-3DE2A9FFCDBE}"
EndProject
Global
	GlobalSection(SolutionConfigurationPlatforms) = preSolution
		Debug|Any CPU = Debug|Any CPU
		Release|Any CPU = Release|Any CPU
	EndGlobalSection
	GlobalSection(ProjectConfigurationPlatforms) = postSolution
		{6086CD79-0F1F-4B26-8A9C-3DE2A9FFCDBE}.Debug|Any CPU.ActiveCfg = Debug|Any CPU
		{6086CD79-0F1F-4B26-8A9C-3DE2A9FFCDBE}.Debug|Any CPU.Build.0 = Debug|Any CPU
		{6086CD79-0F1F-4B26-8A9C-3DE2A9FFCDBE}.Release|Any CPU.ActiveCfg = Release|Any CPU
		{6086CD79-0F1F-4B26-8A9C-3DE2A9FFCDBE}.Release|Any CPU.Build.0 = Release|Any CPU
	EndGlobalSection
EndGlobal
